
Microsoft Visual Studio Solution File, Format Version 12.00
# Visual Studio Version 17
VisualStudioVersion = 17.9.34723.18
MinimumVisualStudioVersion = 10.0.40219.1
Project("{9A19103F-16F7-4668-BE54-9A1E7A4F7556}") = "ACMS_ONLINE_API", "ACMS_ONLINE_API\ACMS_ONLINE_API.csproj", "{2E033B48-7E7C-40DA-B2F9-3B3D44190878}"
EndProject
Project("{9A19103F-16F7-4668-BE54-9A1E7A4F7556}") = "ACMS_ONLINE_DOMAIN", "ACMS_ONLINE_DOMAIN\ACMS_ONLINE_DOMAIN.csproj", "{60D2531D-117F-46B7-9A32-6CBDEA2B4622}"
EndProject
Project("{9A19103F-16F7-4668-BE54-9A1E7A4F7556}") = "ACMS_ONLINE_APPLICATION", "ACMS_ONLINE_APPLICATION\ACMS_ONLINE_APPLICATION.csproj", "{0B956B2E-D8DF-411E-A52B-6135C4AC5BA9}"
EndProject
Project("{9A19103F-16F7-4668-BE54-9A1E7A4F7556}") = "ACMS_ONLINE_INFRASTRUCTURE", "ACMS_ONLINE_INFRASTRUCTURE\ACMS_ONLINE_INFRASTRUCTURE.csproj", "{630F598B-7813-4539-92F0-3888A9C823A4}"
EndProject
Project("{FAE04EC0-301F-11D3-BF4B-00C04F79EFBC}") = "ACMS_ONLINE_MAPPING", "ACMS_ONLINE_MAPPING\ACMS_ONLINE_MAPPING.csproj", "{CC560500-C207-4ECD-926C-814B35A7F4EE}"
EndProject
Global
	GlobalSection(SolutionConfigurationPlatforms) = preSolution
		Debug|Any CPU = Debug|Any CPU
		Release|Any CPU = Release|Any CPU
	EndGlobalSection
	GlobalSection(ProjectConfigurationPlatforms) = postSolution
		{2E033B48-7E7C-40DA-B2F9-3B3D44190878}.Debug|Any CPU.ActiveCfg = Debug|Any CPU
		{2E033B48-7E7C-40DA-B2F9-3B3D44190878}.Debug|Any CPU.Build.0 = Debug|Any CPU
		{2E033B48-7E7C-40DA-B2F9-3B3D44190878}.Release|Any CPU.ActiveCfg = Release|Any CPU
		{2E033B48-7E7C-40DA-B2F9-3B3D44190878}.Release|Any CPU.Build.0 = Release|Any CPU
		{60D2531D-117F-46B7-9A32-6CBDEA2B4622}.Debug|Any CPU.ActiveCfg = Debug|Any CPU
		{60D2531D-117F-46B7-9A32-6CBDEA2B4622}.Debug|Any CPU.Build.0 = Debug|Any CPU
		{60D2531D-117F-46B7-9A32-6CBDEA2B4622}.Release|Any CPU.ActiveCfg = Release|Any CPU
		{60D2531D-117F-46B7-9A32-6CBDEA2B4622}.Release|Any CPU.Build.0 = Release|Any CPU
		{0B956B2E-D8DF-411E-A52B-6135C4AC5BA9}.Debug|Any CPU.ActiveCfg = Debug|Any CPU
		{0B956B2E-D8DF-411E-A52B-6135C4AC5BA9}.Debug|Any CPU.Build.0 = Debug|Any CPU
		{0B956B2E-D8DF-411E-A52B-6135C4AC5BA9}.Release|Any CPU.ActiveCfg = Release|Any CPU
		{0B956B2E-D8DF-411E-A52B-6135C4AC5BA9}.Release|Any CPU.Build.0 = Release|Any CPU
		{630F598B-7813-4539-92F0-3888A9C823A4}.Debug|Any CPU.ActiveCfg = Debug|Any CPU
		{630F598B-7813-4539-92F0-3888A9C823A4}.Debug|Any CPU.Build.0 = Debug|Any CPU
		{630F598B-7813-4539-92F0-3888A9C823A4}.Release|Any CPU.ActiveCfg = Release|Any CPU
		{630F598B-7813-4539-92F0-3888A9C823A4}.Release|Any CPU.Build.0 = Release|Any CPU
		{CC560500-C207-4ECD-926C-814B35A7F4EE}.Debug|Any CPU.ActiveCfg = Debug|Any CPU
		{CC560500-C207-4ECD-926C-814B35A7F4EE}.Debug|Any CPU.Build.0 = Debug|Any CPU
		{CC560500-C207-4ECD-926C-814B35A7F4EE}.Release|Any CPU.ActiveCfg = Release|Any CPU
		{CC560500-C207-4ECD-926C-814B35A7F4EE}.Release|Any CPU.Build.0 = Release|Any CPU
	EndGlobalSection
	GlobalSection(SolutionProperties) = preSolution
		HideSolutionNode = FALSE
	EndGlobalSection
	GlobalSection(ExtensibilityGlobals) = postSolution
		SolutionGuid = {5C436F4F-FE9C-4642-BFBA-78F338AEAA4E}
	EndGlobalSection
EndGlobal
